
Microsoft Visual Studio Solution File, Format Version 12.00
# Visual Studio Version 17
VisualStudioVersion = 17.10.35013.160
MinimumVisualStudioVersion = 10.0.40219.1
Project("{8BC9CEB8-8B4A-11D0-8D11-00A0C91BC942}") = "11.4.6 Exchange 06", "11.4.6 Exchange 06\11.4.6 Exchange 06.vcxproj", "{2811B3F0-4A1F-441A-886A-1D4BABE660B2}"
EndProject
Global
	GlobalSection(SolutionConfigurationPlatforms) = preSolution
		Debug|x64 = Debug|x64
		Debug|x86 = Debug|x86
		Release|x64 = Release|x64
		Release|x86 = Release|x86
	EndGlobalSection
	GlobalSection(ProjectConfigurationPlatforms) = postSolution
		{2811B3F0-4A1F-441A-886A-1D4BABE660B2}.Debug|x64.ActiveCfg = Debug|x64
		{2811B3F0-4A1F-441A-886A-1D4BABE660B2}.Debug|x64.Build.0 = Debug|x64
		{2811B3F0-4A1F-441A-886A-1D4BABE660B2}.Debug|x86.ActiveCfg = Debug|Win32
		{2811B3F0-4A1F-441A-886A-1D4BABE660B2}.Debug|x86.Build.0 = Debug|Win32
		{2811B3F0-4A1F-441A-886A-1D4BABE660B2}.Release|x64.ActiveCfg = Release|x64
		{2811B3F0-4A1F-441A-886A-1D4BABE660B2}.Release|x64.Build.0 = Release|x64
		{2811B3F0-4A1F-441A-886A-1D4BABE660B2}.Release|x86.ActiveCfg = Release|Win32
		{2811B3F0-4A1F-441A-886A-1D4BABE660B2}.Release|x86.Build.0 = Release|Win32
	EndGlobalSection
	GlobalSection(SolutionProperties) = preSolution
		HideSolutionNode = FALSE
	EndGlobalSection
	GlobalSection(ExtensibilityGlobals) = postSolution
		SolutionGuid = {DAE82D77-094F-4271-B89A-614C1CAB9881}
	EndGlobalSection
EndGlobal
